# THIS IS AN AUTOGENERATED FILE. DO NOT EDIT THIS FILE DIRECTLY.
# yarn lockfile v1


"@interactjs/actions@1.4.0":
  version "1.4.0"
  resolved "https://registry.yarnpkg.com/@interactjs/actions/-/actions-1.4.0.tgz#605dd64b3551101d52c39b6ad5f8622a3044497d"
  integrity sha512-W2+V75n4GmIFIb9tmQGSEix0y7CbNG9IA3B4zsy3PCtMdjXT/fQiGajZSFfizgG4+rlv/MjhjaaeBmJA8vg/AQ==

"@interactjs/auto-scroll@1.4.0":
  version "1.4.0"
  resolved "https://registry.yarnpkg.com/@interactjs/auto-scroll/-/auto-scroll-1.4.0.tgz#ee59205d875bfa8f194f43ff14156bfd9a0716ce"
  integrity sha512-6/1oV9cY7xnWERNKcop0p4xdV8torBwN6vZqqXEXkymLiEhYoVCVQmVdETCM2tIGB8iW+EnxjjAdV/Vl6zE/Hg==

"@interactjs/auto-start@1.4.0":
  version "1.4.0"
  resolved "https://registry.yarnpkg.com/@interactjs/auto-start/-/auto-start-1.4.0.tgz#de7496610f6c261d3eca11531e7e6ef833770db2"
  integrity sha512-5lFp6RYtxWgT/vpkyRRqZkRgNwHjyquk8vg7jnlZGQFqKFB49p9cfWWQliQoASEFaFE1wwIQvU4EQBuw+vAraQ==

"@interactjs/core@1.4.0":
  version "1.4.0"
  resolved "https://registry.yarnpkg.com/@interactjs/core/-/core-1.4.0.tgz#c18c8b372f4bb675be9d4bf9959435e3a5df0b8c"
  integrity sha512-XyNzqHYd7LxIRBhsa+DY3OB4zowJIembn85G5TAc6YaOz/2NDSU01F4IjSBxNZUsom9PmbxQF6wBT7SODc03eQ==

"@interactjs/dev-tools@1.4.0":
  version "1.4.0"
  resolved "https://registry.yarnpkg.com/@interactjs/dev-tools/-/dev-tools-1.4.0.tgz#9be6ff2e75d66617cede0f0f88bde19eb8dead08"
  integrity sha512-VDGo+Dqp5U1dhQV036QcZnPZYrVSOQhUznx2FQKUApsirFeAl0w3DMWEBJn21K5JITpgXr9KxgV0BlJCD30KGA==
  dependencies:
    "@interactjs/utils" "1.4.0"

"@interactjs/inertia@1.4.0":
  version "1.4.0"
  resolved "https://registry.yarnpkg.com/@interactjs/inertia/-/inertia-1.4.0.tgz#819c9e8b8900fb58b9d9f51ea7916ea5c07ba060"
  integrity sha512-10SQ+Uv+iSGESQ6Eg/h23iLxmnvBMishc1moTN4cCDxtA4XTFHks9mr/A21uGCHi1TSiT3NILMJBYDBUg+LXIA==

"@interactjs/interact@1.4.0":
  version "1.4.0"
  resolved "https://registry.yarnpkg.com/@interactjs/interact/-/interact-1.4.0.tgz#34eee1bcd4e6a37288d91a4293b96ad1f9c08e7e"
  integrity sha512-2VGdGb3pT3HTW0qVxfyNwtgNlrqZ01GoMb9P/eajCUY0N0gY/6gseGPdWJ8y01Cs2zmeh15WkChDooFt2iMY+Q==

"@interactjs/modifiers@1.4.0":
  version "1.4.0"
  resolved "https://registry.yarnpkg.com/@interactjs/modifiers/-/modifiers-1.4.0.tgz#7be50aec207f18af1080da069b3be2dff43ea52c"
  integrity sha512-abyQj6sGQsce/VmwouIfJGmgu7RugcxLYBxGE7E8308FnW9jizD6+p8yl9Mr6LIGGriACjDlPYqmQqPd0tHTSA==

"@interactjs/pointer-events@1.4.0":
  version "1.4.0"
  resolved "https://registry.yarnpkg.com/@interactjs/pointer-events/-/pointer-events-1.4.0.tgz#9479ae560e3a630c8dbf352ff7c26d4117c8e197"
  integrity sha512-7tYh1Hf1wF4TP+LPK3OPjADLCR6upPd1rHREQPG/6thritjNDX5MdrK07YLFGnqCLX2aONHyv5Cganlu8MWBJg==

"@interactjs/reflow@1.4.0":
  version "1.4.0"
  resolved "https://registry.yarnpkg.com/@interactjs/reflow/-/reflow-1.4.0.tgz#8831d0bd08ec15e946ebd89d0221c2bd8eedc37b"
  integrity sha512-PHFpxcbIT75IXt2QBG0U7MaC9iiZ83HmRN5fGd3hF/Fq29dim4K3ap3ABAlf+PDH2PVQqyU2XZ1D/3c1ovJU7Q==

"@interactjs/types@1.4.0":
  version "1.4.0"
  resolved "https://registry.yarnpkg.com/@interactjs/types/-/types-1.4.0.tgz#b85526f2817aff1c2654f4185edcc7a4b63eefc0"
  integrity sha512-a0oIZCzlfDspTXQRD2Yg8UOjtDnQ7uzQkKVJjtCZF6kMw8guiUdWQ6uD9vOuBDr8XdeF8+OGVxyxmOA0kI2dlQ==
  dependencies:
    "@interactjs/actions" "1.4.0"
    "@interactjs/auto-scroll" "1.4.0"
    "@interactjs/auto-start" "1.4.0"
    "@interactjs/core" "1.4.0"
    "@interactjs/dev-tools" "1.4.0"
    "@interactjs/inertia" "1.4.0"
    "@interactjs/interact" "1.4.0"
    "@interactjs/modifiers" "1.4.0"
    "@interactjs/pointer-events" "1.4.0"
    "@interactjs/reflow" "1.4.0"
    "@interactjs/utils" "1.4.0"

"@interactjs/utils@1.4.0":
  version "1.4.0"
  resolved "https://registry.yarnpkg.com/@interactjs/utils/-/utils-1.4.0.tgz#612ca4b3e78af04ac8c3eaab14535806047386ca"
  integrity sha512-b/0nLTyZAAGa9Ga4patXS0OunfiGGZfv0DbRzE84ZL965g3FVsNOagLWCSBCDuKWtihcUdd9ePrnepGYfYKn5Q==

interactjs@^1.4.0:
  version "1.4.0"
  resolved "https://registry.yarnpkg.com/interactjs/-/interactjs-1.4.0.tgz#7484aa1fef8fcc0303b04af18993824973f9af52"
  integrity sha512-yN0uBJIAI5LN645FBpZs8y0wCI5SHLt5o4Q4oMLg79mKuD5CbLI4Bx9vk4UUAbfYqXJwhze2tQQJQrTTqYQ2EQ==
  dependencies:
    "@interactjs/types" "1.4.0"
